# THIS IS AN AUTOGENERATED FILE. DO NOT EDIT THIS FILE DIRECTLY.
# yarn lockfile v1


asmcrypto.js@^2.3.2:
  version "2.3.2"
  resolved "https://registry.yarnpkg.com/asmcrypto.js/-/asmcrypto.js-2.3.2.tgz#b9f84bd0a1fb82f21f8c29cc284a707ad17bba2e"
  integrity sha512-3FgFARf7RupsZETQ1nHnhLUUvpcttcCq1iZCaVAbJZbCZ5VNRrNyvpDyHTOb0KC3llFcsyOT/a99NZcCbeiEsA==
